
Microsoft Visual Studio Solution File, Format Version 12.00
# Visual Studio Version 17
VisualStudioVersion = 17.4.32804.182
MinimumVisualStudioVersion = 10.0.40219.1
Project("{9A19103F-16F7-4668-BE54-9A1E7A4F7556}") = "Application", "src\Application\Application.csproj", "{9B9FD489-3571-442E-B37A-74A86278D799}"
EndProject
Project("{9A19103F-16F7-4668-BE54-9A1E7A4F7556}") = "Domain", "src\Domain\Domain.csproj", "{F2ED810F-CBB5-4F86-BC3B-F59C7AA32EA7}"
EndProject
Project("{9A19103F-16F7-4668-BE54-9A1E7A4F7556}") = "Infrastructure", "src\Infrastructure\Infrastructure.csproj", "{3DF6BD68-9976-4BEC-8B19-C849AAEDBD9E}"
EndProject
Project("{9A19103F-16F7-4668-BE54-9A1E7A4F7556}") = "WebUI", "src\WebUI\WebUI.csproj", "{35BC1195-6E8E-4405-BD85-CFC3308DC977}"
EndProject
Project("{9A19103F-16F7-4668-BE54-9A1E7A4F7556}") = "Application.IntegrationTests", "tests\Application.IntegrationTests\Application.IntegrationTests.csproj", "{BFDCA160-4F8B-4931-9970-07DCEA551AE9}"
EndProject
Project("{9A19103F-16F7-4668-BE54-9A1E7A4F7556}") = "Application.UnitTests", "tests\Application.UnitTests\Application.UnitTests.csproj", "{E24638C3-1659-4751-8745-D6E37CB51A28}"
EndProject
Project("{9A19103F-16F7-4668-BE54-9A1E7A4F7556}") = "Domain.UnitTests", "tests\Domain.UnitTests\Domain.UnitTests.csproj", "{92137CA7-AE1C-4E84-B624-BE536097D15E}"
EndProject
Project("{9A19103F-16F7-4668-BE54-9A1E7A4F7556}") = "WebUI.AcceptanceTests", "tests\WebUI.AcceptanceTests\WebUI.AcceptanceTests.csproj", "{7BDC5DE0-E3B2-48C8-9BE7-903372230D9C}"
EndProject
Global
	GlobalSection(SolutionConfigurationPlatforms) = preSolution
		Debug|Any CPU = Debug|Any CPU
		Release|Any CPU = Release|Any CPU
	EndGlobalSection
	GlobalSection(ProjectConfigurationPlatforms) = postSolution
		{9B9FD489-3571-442E-B37A-74A86278D799}.Debug|Any CPU.ActiveCfg = Debug|Any CPU
		{9B9FD489-3571-442E-B37A-74A86278D799}.Debug|Any CPU.Build.0 = Debug|Any CPU
		{9B9FD489-3571-442E-B37A-74A86278D799}.Release|Any CPU.ActiveCfg = Release|Any CPU
		{9B9FD489-3571-442E-B37A-74A86278D799}.Release|Any CPU.Build.0 = Release|Any CPU
		{F2ED810F-CBB5-4F86-BC3B-F59C7AA32EA7}.Debug|Any CPU.ActiveCfg = Debug|Any CPU
		{F2ED810F-CBB5-4F86-BC3B-F59C7AA32EA7}.Debug|Any CPU.Build.0 = Debug|Any CPU
		{F2ED810F-CBB5-4F86-BC3B-F59C7AA32EA7}.Release|Any CPU.ActiveCfg = Release|Any CPU
		{F2ED810F-CBB5-4F86-BC3B-F59C7AA32EA7}.Release|Any CPU.Build.0 = Release|Any CPU
		{3DF6BD68-9976-4BEC-8B19-C849AAEDBD9E}.Debug|Any CPU.ActiveCfg = Debug|Any CPU
		{3DF6BD68-9976-4BEC-8B19-C849AAEDBD9E}.Debug|Any CPU.Build.0 = Debug|Any CPU
		{3DF6BD68-9976-4BEC-8B19-C849AAEDBD9E}.Release|Any CPU.ActiveCfg = Release|Any CPU
		{3DF6BD68-9976-4BEC-8B19-C849AAEDBD9E}.Release|Any CPU.Build.0 = Release|Any CPU
		{35BC1195-6E8E-4405-BD85-CFC3308DC977}.Debug|Any CPU.ActiveCfg = Debug|Any CPU
		{35BC1195-6E8E-4405-BD85-CFC3308DC977}.Debug|Any CPU.Build.0 = Debug|Any CPU
		{35BC1195-6E8E-4405-BD85-CFC3308DC977}.Release|Any CPU.ActiveCfg = Release|Any CPU
		{35BC1195-6E8E-4405-BD85-CFC3308DC977}.Release|Any CPU.Build.0 = Release|Any CPU
		{BFDCA160-4F8B-4931-9970-07DCEA551AE9}.Debug|Any CPU.ActiveCfg = Debug|Any CPU
		{BFDCA160-4F8B-4931-9970-07DCEA551AE9}.Debug|Any CPU.Build.0 = Debug|Any CPU
		{BFDCA160-4F8B-4931-9970-07DCEA551AE9}.Release|Any CPU.ActiveCfg = Release|Any CPU
		{BFDCA160-4F8B-4931-9970-07DCEA551AE9}.Release|Any CPU.Build.0 = Release|Any CPU
		{E24638C3-1659-4751-8745-D6E37CB51A28}.Debug|Any CPU.ActiveCfg = Debug|Any CPU
		{E24638C3-1659-4751-8745-D6E37CB51A28}.Debug|Any CPU.Build.0 = Debug|Any CPU
		{E24638C3-1659-4751-8745-D6E37CB51A28}.Release|Any CPU.ActiveCfg = Release|Any CPU
		{E24638C3-1659-4751-8745-D6E37CB51A28}.Release|Any CPU.Build.0 = Release|Any CPU
		{92137CA7-AE1C-4E84-B624-BE536097D15E}.Debug|Any CPU.ActiveCfg = Debug|Any CPU
		{92137CA7-AE1C-4E84-B624-BE536097D15E}.Debug|Any CPU.Build.0 = Debug|Any CPU
		{92137CA7-AE1C-4E84-B624-BE536097D15E}.Release|Any CPU.ActiveCfg = Release|Any CPU
		{92137CA7-AE1C-4E84-B624-BE536097D15E}.Release|Any CPU.Build.0 = Release|Any CPU
		{7BDC5DE0-E3B2-48C8-9BE7-903372230D9C}.Debug|Any CPU.ActiveCfg = Debug|Any CPU
		{7BDC5DE0-E3B2-48C8-9BE7-903372230D9C}.Debug|Any CPU.Build.0 = Debug|Any CPU
		{7BDC5DE0-E3B2-48C8-9BE7-903372230D9C}.Release|Any CPU.ActiveCfg = Release|Any CPU
		{7BDC5DE0-E3B2-48C8-9BE7-903372230D9C}.Release|Any CPU.Build.0 = Release|Any CPU
	EndGlobalSection
	GlobalSection(SolutionProperties) = preSolution
		HideSolutionNode = FALSE
	EndGlobalSection
	GlobalSection(ExtensibilityGlobals) = postSolution
		SolutionGuid = {A5464D8B-F999-4A41-AB75-9149DC6282ED}
	EndGlobalSection
EndGlobal
