
Microsoft Visual Studio Solution File, Format Version 12.00
# Visual Studio Version 17
VisualStudioVersion = 17.4.32804.182
MinimumVisualStudioVersion = 10.0.40219.1
Project("{9A19103F-16F7-4668-BE54-9A1E7A4F7556}") = "Application", "src\Application\Application.csproj", "{9B9FD489-3571-442E-B37A-74A86278D799}"
EndProject
Project("{9A19103F-16F7-4668-BE54-9A1E7A4F7556}") = "Domain", "src\Domain\Domain.csproj", "{F2ED810F-CBB5-4F86-BC3B-F59C7AA32EA7}"
EndProject
Project("{9A19103F-16F7-4668-BE54-9A1E7A4F7556}") = "Infrastructure", "src\Infrastructure\Infrastructure.csproj", "{3DF6BD68-9976-4BEC-8B19-C849AAEDBD9E}"
EndProject
Project("{9A19103F-16F7-4668-BE54-9A1E7A4F7556}") = "WebUI", "src\WebUI\WebUI.csproj", "{35BC1195-6E8E-4405-BD85-CFC3308DC977}"
EndProject
Project("{9A19103F-16F7-4668-BE54-9A1E7A4F7556}") = "Application.IntegrationTests", "tests\Application.IntegrationTests\Application.IntegrationTests.csproj", "{BFDCA160-4F8B-4931-9970-07DCEA551AE9}"
EndProject
Project("{9A19103F-16F7-4668-BE54-9A1E7A4F7556}") = "Application.UnitTests", "tests\Application.UnitTests\Application.UnitTests.csproj", "{E24638C3-1659-4751-8745-D6E37CB51A28}"
EndProject
Project("{9A19103F-16F7-4668-BE54-9A1E7A4F7556}") = "Domain.UnitTests", "tests\Domain.UnitTests\Domain.UnitTests.csproj", "{92137CA7-AE1C-4E84-B624-BE536097D15E}"
EndProject
Project("{9A19103F-16F7-4668-BE54-9A1E7A4F7556}") = "WebUI.AcceptanceTests", "tests\WebUI.AcceptanceTests\WebUI.AcceptanceTests.csproj", "{7BDC5DE0-E3B2-48C8-9BE7-903372230D9C}"
EndProject
Project("{2150E333-8FDC-42A3-9474-1A3956D46DE8}") = "src", "src", "{6BA5DBAB-99FA-49B8-9CDA-2463723AE0F9}"
EndProject
Project("{2150E333-8FDC-42A3-9474-1A3956D46DE8}") = "tests", "tests", "{32C7D863-8C6E-4204-9117-78F2384A8797}"
EndProject
Project("{2150E333-8FDC-42A3-9474-1A3956D46DE8}") = "Unit Tests", "Unit Tests", "{8999A638-7A0E-4DF9-860D-E4D8EC28B6AE}"
EndProject
Project("{2150E333-8FDC-42A3-9474-1A3956D46DE8}") = "Integration Tests", "Integration Tests", "{E13E7742-6DB8-4AC5-81B0-775116AAE785}"
EndProject
Project("{2150E333-8FDC-42A3-9474-1A3956D46DE8}") = "Acceptance Tests", "Acceptance Tests", "{072A9ED1-8ED2-4809-847F-7E1A55071225}"
EndProject
Global
	GlobalSection(SolutionConfigurationPlatforms) = preSolution
		Debug|Any CPU = Debug|Any CPU
		Release|Any CPU = Release|Any CPU
	EndGlobalSection
	GlobalSection(ProjectConfigurationPlatforms) = postSolution
		{9B9FD489-3571-442E-B37A-74A86278D799}.Debug|Any CPU.ActiveCfg = Debug|Any CPU
		{9B9FD489-3571-442E-B37A-74A86278D799}.Debug|Any CPU.Build.0 = Debug|Any CPU
		{9B9FD489-3571-442E-B37A-74A86278D799}.Release|Any CPU.ActiveCfg = Release|Any CPU
		{9B9FD489-3571-442E-B37A-74A86278D799}.Release|Any CPU.Build.0 = Release|Any CPU
		{F2ED810F-CBB5-4F86-BC3B-F59C7AA32EA7}.Debug|Any CPU.ActiveCfg = Debug|Any CPU
		{F2ED810F-CBB5-4F86-BC3B-F59C7AA32EA7}.Debug|Any CPU.Build.0 = Debug|Any CPU
		{F2ED810F-CBB5-4F86-BC3B-F59C7AA32EA7}.Release|Any CPU.ActiveCfg = Release|Any CPU
		{F2ED810F-CBB5-4F86-BC3B-F59C7AA32EA7}.Release|Any CPU.Build.0 = Release|Any CPU
		{3DF6BD68-9976-4BEC-8B19-C849AAEDBD9E}.Debug|Any CPU.ActiveCfg = Debug|Any CPU
		{3DF6BD68-9976-4BEC-8B19-C849AAEDBD9E}.Debug|Any CPU.Build.0 = Debug|Any CPU
		{3DF6BD68-9976-4BEC-8B19-C849AAEDBD9E}.Release|Any CPU.ActiveCfg = Release|Any CPU
		{3DF6BD68-9976-4BEC-8B19-C849AAEDBD9E}.Release|Any CPU.Build.0 = Release|Any CPU
		{35BC1195-6E8E-4405-BD85-CFC3308DC977}.Debug|Any CPU.ActiveCfg = Debug|Any CPU
		{35BC1195-6E8E-4405-BD85-CFC3308DC977}.Debug|Any CPU.Build.0 = Debug|Any CPU
		{35BC1195-6E8E-4405-BD85-CFC3308DC977}.Release|Any CPU.ActiveCfg = Release|Any CPU
		{35BC1195-6E8E-4405-BD85-CFC3308DC977}.Release|Any CPU.Build.0 = Release|Any CPU
		{BFDCA160-4F8B-4931-9970-07DCEA551AE9}.Debug|Any CPU.ActiveCfg = Debug|Any CPU
		{BFDCA160-4F8B-4931-9970-07DCEA551AE9}.Debug|Any CPU.Build.0 = Debug|Any CPU
		{BFDCA160-4F8B-4931-9970-07DCEA551AE9}.Release|Any CPU.ActiveCfg = Release|Any CPU
		{BFDCA160-4F8B-4931-9970-07DCEA551AE9}.Release|Any CPU.Build.0 = Release|Any CPU
		{E24638C3-1659-4751-8745-D6E37CB51A28}.Debug|Any CPU.ActiveCfg = Debug|Any CPU
		{E24638C3-1659-4751-8745-D6E37CB51A28}.Debug|Any CPU.Build.0 = Debug|Any CPU
		{E24638C3-1659-4751-8745-D6E37CB51A28}.Release|Any CPU.ActiveCfg = Release|Any CPU
		{E24638C3-1659-4751-8745-D6E37CB51A28}.Release|Any CPU.Build.0 = Release|Any CPU
		{92137CA7-AE1C-4E84-B624-BE536097D15E}.Debug|Any CPU.ActiveCfg = Debug|Any CPU
		{92137CA7-AE1C-4E84-B624-BE536097D15E}.Debug|Any CPU.Build.0 = Debug|Any CPU
		{92137CA7-AE1C-4E84-B624-BE536097D15E}.Release|Any CPU.ActiveCfg = Release|Any CPU
		{92137CA7-AE1C-4E84-B624-BE536097D15E}.Release|Any CPU.Build.0 = Release|Any CPU
		{7BDC5DE0-E3B2-48C8-9BE7-903372230D9C}.Debug|Any CPU.ActiveCfg = Debug|Any CPU
		{7BDC5DE0-E3B2-48C8-9BE7-903372230D9C}.Debug|Any CPU.Build.0 = Debug|Any CPU
		{7BDC5DE0-E3B2-48C8-9BE7-903372230D9C}.Release|Any CPU.ActiveCfg = Release|Any CPU
		{7BDC5DE0-E3B2-48C8-9BE7-903372230D9C}.Release|Any CPU.Build.0 = Release|Any CPU
	EndGlobalSection
	GlobalSection(SolutionProperties) = preSolution
		HideSolutionNode = FALSE
	EndGlobalSection
	GlobalSection(NestedProjects) = preSolution
		{9B9FD489-3571-442E-B37A-74A86278D799} = {6BA5DBAB-99FA-49B8-9CDA-2463723AE0F9}
		{F2ED810F-CBB5-4F86-BC3B-F59C7AA32EA7} = {6BA5DBAB-99FA-49B8-9CDA-2463723AE0F9}
		{3DF6BD68-9976-4BEC-8B19-C849AAEDBD9E} = {6BA5DBAB-99FA-49B8-9CDA-2463723AE0F9}
		{35BC1195-6E8E-4405-BD85-CFC3308DC977} = {6BA5DBAB-99FA-49B8-9CDA-2463723AE0F9}
		{BFDCA160-4F8B-4931-9970-07DCEA551AE9} = {E13E7742-6DB8-4AC5-81B0-775116AAE785}
		{E24638C3-1659-4751-8745-D6E37CB51A28} = {8999A638-7A0E-4DF9-860D-E4D8EC28B6AE}
		{92137CA7-AE1C-4E84-B624-BE536097D15E} = {8999A638-7A0E-4DF9-860D-E4D8EC28B6AE}
		{7BDC5DE0-E3B2-48C8-9BE7-903372230D9C} = {072A9ED1-8ED2-4809-847F-7E1A55071225}
		{8999A638-7A0E-4DF9-860D-E4D8EC28B6AE} = {32C7D863-8C6E-4204-9117-78F2384A8797}
		{E13E7742-6DB8-4AC5-81B0-775116AAE785} = {32C7D863-8C6E-4204-9117-78F2384A8797}
		{072A9ED1-8ED2-4809-847F-7E1A55071225} = {32C7D863-8C6E-4204-9117-78F2384A8797}
	EndGlobalSection
	GlobalSection(ExtensibilityGlobals) = postSolution
		SolutionGuid = {A5464D8B-F999-4A41-AB75-9149DC6282ED}
	EndGlobalSection
EndGlobal
